
Microsoft Visual Studio Solution File, Format Version 12.00
# Visual Studio Version 16
VisualStudioVersion = 16.0.30114.105
MinimumVisualStudioVersion = 10.0.40219.1
Project("{FAE04EC0-301F-11D3-BF4B-00C04F79EFBC}") = "API", "API\API.csproj", "{BED40D9D-8605-4D24-A5BD-C01EC034C0B7}"
EndProject
Project("{FAE04EC0-301F-11D3-BF4B-00C04F79EFBC}") = "Core", "Core\Core.csproj", "{3FF7CB5E-CFB3-4376-97B0-8207D51E26C9}"
EndProject
Project("{FAE04EC0-301F-11D3-BF4B-00C04F79EFBC}") = "Infrastructure", "Infrastructure\Infrastructure.csproj", "{C450C66E-78F0-4177-8C73-F177002ED5C6}"
EndProject
Global
	GlobalSection(SolutionConfigurationPlatforms) = preSolution
		Debug|Any CPU = Debug|Any CPU
		Release|Any CPU = Release|Any CPU
	EndGlobalSection
	GlobalSection(SolutionProperties) = preSolution
		HideSolutionNode = FALSE
	EndGlobalSection
	GlobalSection(ProjectConfigurationPlatforms) = postSolution
		{BED40D9D-8605-4D24-A5BD-C01EC034C0B7}.Debug|Any CPU.ActiveCfg = Debug|Any CPU
		{BED40D9D-8605-4D24-A5BD-C01EC034C0B7}.Debug|Any CPU.Build.0 = Debug|Any CPU
		{BED40D9D-8605-4D24-A5BD-C01EC034C0B7}.Release|Any CPU.ActiveCfg = Release|Any CPU
		{BED40D9D-8605-4D24-A5BD-C01EC034C0B7}.Release|Any CPU.Build.0 = Release|Any CPU
		{3FF7CB5E-CFB3-4376-97B0-8207D51E26C9}.Debug|Any CPU.ActiveCfg = Debug|Any CPU
		{3FF7CB5E-CFB3-4376-97B0-8207D51E26C9}.Debug|Any CPU.Build.0 = Debug|Any CPU
		{3FF7CB5E-CFB3-4376-97B0-8207D51E26C9}.Release|Any CPU.ActiveCfg = Release|Any CPU
		{3FF7CB5E-CFB3-4376-97B0-8207D51E26C9}.Release|Any CPU.Build.0 = Release|Any CPU
		{C450C66E-78F0-4177-8C73-F177002ED5C6}.Debug|Any CPU.ActiveCfg = Debug|Any CPU
		{C450C66E-78F0-4177-8C73-F177002ED5C6}.Debug|Any CPU.Build.0 = Debug|Any CPU
		{C450C66E-78F0-4177-8C73-F177002ED5C6}.Release|Any CPU.ActiveCfg = Release|Any CPU
		{C450C66E-78F0-4177-8C73-F177002ED5C6}.Release|Any CPU.Build.0 = Release|Any CPU
	EndGlobalSection
EndGlobal
